// !$*UTF8*$!
{
	archiveVersion = 1;
	classes = {
	};
	objectVersion = 46;
	objects = {

/* Begin PBXBuildFile section */
		8C1064211DF6174D001DC26C /* Pokemon.swift in Sources */ = {isa = PBXBuildFile; fileRef = 8C1064201DF6174D001DC26C /* Pokemon.swift */; };
		8C8F7E6E1DF332C8003CA3EF /* AppDelegate.swift in Sources */ = {isa = PBXBuildFile; fileRef = 8C8F7E6D1DF332C8003CA3EF /* AppDelegate.swift */; };
		8C8F7E701DF332C8003CA3EF /* ViewController.swift in Sources */ = {isa = PBXBuildFile; fileRef = 8C8F7E6F1DF332C8003CA3EF /* ViewController.swift */; };
		8C8F7E731DF332C8003CA3EF /* Main.storyboard in Resources */ = {isa = PBXBuildFile; fileRef = 8C8F7E711DF332C8003CA3EF /* Main.storyboard */; };
		8C8F7E751DF332C8003CA3EF /* Assets.xcassets in Resources */ = {isa = PBXBuildFile; fileRef = 8C8F7E741DF332C8003CA3EF /* Assets.xcassets */; };
		8C8F7E781DF332C8003CA3EF /* LaunchScreen.storyboard in Resources */ = {isa = PBXBuildFile; fileRef = 8C8F7E761DF332C8003CA3EF /* LaunchScreen.storyboard */; };
		8C8F7E801DF33C37003CA3EF /* pokemon.csv in Resources */ = {isa = PBXBuildFile; fileRef = 8C8F7E7F1DF33C37003CA3EF /* pokemon.csv */; };
		8CB06E5D1DF61FDD009620DB /* PokeCell.swift in Sources */ = {isa = PBXBuildFile; fileRef = 8CB06E5C1DF61FDD009620DB /* PokeCell.swift */; };
/* End PBXBuildFile section */

/* Begin PBXFileReference section */
		8C1064201DF6174D001DC26C /* Pokemon.swift */ = {isa = PBXFileReference; fileEncoding = 4; lastKnownFileType = sourcecode.swift; path = Pokemon.swift; sourceTree = "<group>"; };
		8C8F7E6A1DF332C8003CA3EF /* pokedex3.app */ = {isa = PBXFileReference; explicitFileType = wrapper.application; includeInIndex = 0; path = pokedex3.app; sourceTree = BUILT_PRODUCTS_DIR; };
		8C8F7E6D1DF332C8003CA3EF /* AppDelegate.swift */ = {isa = PBXFileReference; lastKnownFileType = sourcecode.swift; path = AppDelegate.swift; sourceTree = "<group>"; };
		8C8F7E6F1DF332C8003CA3EF /* ViewController.swift */ = {isa = PBXFileReference; lastKnownFileType = sourcecode.swift; path = ViewController.swift; sourceTree = "<group>"; };
		8C8F7E721DF332C8003CA3EF /* Base */ = {isa = PBXFileReference; lastKnownFileType = file.storyboard; name = Base; path = Base.lproj/Main.storyboard; sourceTree = "<group>"; };
		8C8F7E741DF332C8003CA3EF /* Assets.xcassets */ = {isa = PBXFileReference; lastKnownFileType = folder.assetcatalog; path = Assets.xcassets; sourceTree = "<group>"; };
		8C8F7E771DF332C8003CA3EF /* Base */ = {isa = PBXFileReference; lastKnownFileType = file.storyboard; name = Base; path = Base.lproj/LaunchScreen.storyboard; sourceTree = "<group>"; };
		8C8F7E791DF332C8003CA3EF /* Info.plist */ = {isa = PBXFileReference; lastKnownFileType = text.plist.xml; path = Info.plist; sourceTree = "<group>"; };
		8C8F7E7F1DF33C37003CA3EF /* pokemon.csv */ = {isa = PBXFileReference; fileEncoding = 4; lastKnownFileType = text; path = pokemon.csv; sourceTree = "<group>"; };
		8CB06E5C1DF61FDD009620DB /* PokeCell.swift */ = {isa = PBXFileReference; fileEncoding = 4; lastKnownFileType = sourcecode.swift; path = PokeCell.swift; sourceTree = "<group>"; };
/* End PBXFileReference section */

/* Begin PBXFrameworksBuildPhase section */
		8C8F7E671DF332C8003CA3EF /* Frameworks */ = {
			isa = PBXFrameworksBuildPhase;
			buildActionMask = 2147483647;
			files = (
			);
			runOnlyForDeploymentPostprocessing = 0;
		};
/* End PBXFrameworksBuildPhase section */

/* Begin PBXGroup section */
		8C10641F1DF6172F001DC26C /* Model */ = {
			isa = PBXGroup;
			children = (
				8C1064201DF6174D001DC26C /* Pokemon.swift */,
			);
			name = Model;
			sourceTree = "<group>";
		};
		8C8F7E611DF332C8003CA3EF = {
			isa = PBXGroup;
			children = (
				8C8F7E6C1DF332C8003CA3EF /* pokedex3 */,
				8C8F7E6B1DF332C8003CA3EF /* Products */,
			);
			sourceTree = "<group>";
		};
		8C8F7E6B1DF332C8003CA3EF /* Products */ = {
			isa = PBXGroup;
			children = (
				8C8F7E6A1DF332C8003CA3EF /* pokedex3.app */,
			);
			name = Products;
			sourceTree = "<group>";
		};
		8C8F7E6C1DF332C8003CA3EF /* pokedex3 */ = {
			isa = PBXGroup;
			children = (
				8CB06E5B1DF61FD1009620DB /* View */,
				8C10641F1DF6172F001DC26C /* Model */,
				8C8F7E6D1DF332C8003CA3EF /* AppDelegate.swift */,
				8C8F7E6F1DF332C8003CA3EF /* ViewController.swift */,
				8C8F7E711DF332C8003CA3EF /* Main.storyboard */,
				8C8F7E741DF332C8003CA3EF /* Assets.xcassets */,
				8C8F7E7F1DF33C37003CA3EF /* pokemon.csv */,
				8C8F7E761DF332C8003CA3EF /* LaunchScreen.storyboard */,
				8C8F7E791DF332C8003CA3EF /* Info.plist */,
			);
			path = pokedex3;
			sourceTree = "<group>";
		};
		8CB06E5B1DF61FD1009620DB /* View */ = {
			isa = PBXGroup;
			children = (
				8CB06E5C1DF61FDD009620DB /* PokeCell.swift */,
			);
			name = View;
			sourceTree = "<group>";
		};
/* End PBXGroup section */

/* Begin PBXNativeTarget section */
		8C8F7E691DF332C8003CA3EF /* pokedex3 */ = {
			isa = PBXNativeTarget;
			buildConfigurationList = 8C8F7E7C1DF332C8003CA3EF /* Build configuration list for PBXNativeTarget "pokedex3" */;
			buildPhases = (
				8C8F7E661DF332C8003CA3EF /* Sources */,
				8C8F7E671DF332C8003CA3EF /* Frameworks */,
				8C8F7E681DF332C8003CA3EF /* Resources */,
			);
			buildRules = (
			);
			dependencies = (
			);
			name = pokedex3;
			productName = pokedex3;
			productReference = 8C8F7E6A1DF332C8003CA3EF /* pokedex3.app */;
			productType = "com.apple.product-type.application";
		};
/* End PBXNativeTarget section */

/* Begin PBXProject section */
		8C8F7E621DF332C8003CA3EF /* Project object */ = {
			isa = PBXProject;
			attributes = {
				LastSwiftUpdateCheck = 0810;
				LastUpgradeCheck = 0810;
				ORGANIZATIONNAME = "Jordan Weyer";
				TargetAttributes = {
					8C8F7E691DF332C8003CA3EF = {
						CreatedOnToolsVersion = 8.1;
						ProvisioningStyle = Automatic;
					};
				};
			};
			buildConfigurationList = 8C8F7E651DF332C8003CA3EF /* Build configuration list for PBXProject "pokedex3" */;
			compatibilityVersion = "Xcode 3.2";
			developmentRegion = English;
			hasScannedForEncodings = 0;
			knownRegions = (
				en,
				Base,
			);
			mainGroup = 8C8F7E611DF332C8003CA3EF;
			productRefGroup = 8C8F7E6B1DF332C8003CA3EF /* Products */;
			projectDirPath = "";
			projectRoot = "";
			targets = (
				8C8F7E691DF332C8003CA3EF /* pokedex3 */,
			);
		};
/* End PBXProject section */

/* Begin PBXResourcesBuildPhase section */
		8C8F7E681DF332C8003CA3EF /* Resources */ = {
			isa = PBXResourcesBuildPhase;
			buildActionMask = 2147483647;
			files = (
				8C8F7E781DF332C8003CA3EF /* LaunchScreen.storyboard in Resources */,
				8C8F7E751DF332C8003CA3EF /* Assets.xcassets in Resources */,
				8C8F7E801DF33C37003CA3EF /* pokemon.csv in Resources */,
				8C8F7E731DF332C8003CA3EF /* Main.storyboard in Resources */,
			);
			runOnlyForDeploymentPostprocessing = 0;
		};
/* End PBXResourcesBuildPhase section */

/* Begin PBXSourcesBuildPhase section */
		8C8F7E661DF332C8003CA3EF /* Sources */ = {
			isa = PBXSourcesBuildPhase;
			buildActionMask = 2147483647;
			files = (
				8CB06E5D1DF61FDD009620DB /* PokeCell.swift in Sources */,
				8C8F7E701DF332C8003CA3EF /* ViewController.swift in Sources */,
				8C8F7E6E1DF332C8003CA3EF /* AppDelegate.swift in Sources */,
				8C1064211DF6174D001DC26C /* Pokemon.swift in Sources */,
			);
			runOnlyForDeploymentPostprocessing = 0;
		};
/* End PBXSourcesBuildPhase section */

/* Begin PBXVariantGroup section */
		8C8F7E711DF332C8003CA3EF /* Main.storyboard */ = {
			isa = PBXVariantGroup;
			children = (
				8C8F7E721DF332C8003CA3EF /* Base */,
			);
			name = Main.storyboard;
			sourceTree = "<group>";
		};
		8C8F7E761DF332C8003CA3EF /* LaunchScreen.storyboard */ = {
			isa = PBXVariantGroup;
			children = (
				8C8F7E771DF332C8003CA3EF /* Base */,
			);
			name = LaunchScreen.storyboard;
			sourceTree = "<group>";
		};
/* End PBXVariantGroup section */

/* Begin XCBuildConfiguration section */
		8C8F7E7A1DF332C8003CA3EF /* Debug */ = {
			isa = XCBuildConfiguration;
			buildSettings = {
				ALWAYS_SEARCH_USER_PATHS = NO;
				CLANG_ANALYZER_NONNULL = YES;
				CLANG_CXX_LANGUAGE_STANDARD = "gnu++0x";
				CLANG_CXX_LIBRARY = "libc++";
				CLANG_ENABLE_MODULES = YES;
				CLANG_ENABLE_OBJC_ARC = YES;
				CLANG_WARN_BOOL_CONVERSION = YES;
				CLANG_WARN_CONSTANT_CONVERSION = YES;
				CLANG_WARN_DIRECT_OBJC_ISA_USAGE = YES_ERROR;
				CLANG_WARN_DOCUMENTATION_COMMENTS = YES;
				CLANG_WARN_EMPTY_BODY = YES;
				CLANG_WARN_ENUM_CONVERSION = YES;
				CLANG_WARN_INFINITE_RECURSION = YES;
				CLANG_WARN_INT_CONVERSION = YES;
				CLANG_WARN_OBJC_ROOT_CLASS = YES_ERROR;
				CLANG_WARN_SUSPICIOUS_MOVES = YES;
				CLANG_WARN_UNREACHABLE_CODE = YES;
				CLANG_WARN__DUPLICATE_METHOD_MATCH = YES;
				"CODE_SIGN_IDENTITY[sdk=iphoneos*]" = "iPhone Developer";
				COPY_PHASE_STRIP = NO;
				DEBUG_INFORMATION_FORMAT = dwarf;
				ENABLE_STRICT_OBJC_MSGSEND = YES;
				ENABLE_TESTABILITY = YES;
				GCC_C_LANGUAGE_STANDARD = gnu99;
				GCC_DYNAMIC_NO_PIC = NO;
				GCC_NO_COMMON_BLOCKS = YES;
				GCC_OPTIMIZATION_LEVEL = 0;
				GCC_PREPROCESSOR_DEFINITIONS = (
					"DEBUG=1",
					"$(inherited)",
				);
				GCC_WARN_64_TO_32_BIT_CONVERSION = YES;
				GCC_WARN_ABOUT_RETURN_TYPE = YES_ERROR;
				GCC_WARN_UNDECLARED_SELECTOR = YES;
				GCC_WARN_UNINITIALIZED_AUTOS = YES_AGGRESSIVE;
				GCC_WARN_UNUSED_FUNCTION = YES;
				GCC_WARN_UNUSED_VARIABLE = YES;
				IPHONEOS_DEPLOYMENT_TARGET = 10.1;
				MTL_ENABLE_DEBUG_INFO = YES;
				ONLY_ACTIVE_ARCH = YES;
				SDKROOT = iphoneos;
				SWIFT_ACTIVE_COMPILATION_CONDITIONS = DEBUG;
				SWIFT_OPTIMIZATION_LEVEL = "-Onone";
			};
			name = Debug;
		};
		8C8F7E7B1DF332C8003CA3EF /* Release */ = {
			isa = XCBuildConfiguration;
			buildSettings = {
				ALWAYS_SEARCH_USER_PATHS = NO;
				CLANG_ANALYZER_NONNULL = YES;
				CLANG_CXX_LANGUAGE_STANDARD = "gnu++0x";
				CLANG_CXX_LIBRARY = "libc++";
				CLANG_ENABLE_MODULES = YES;
				CLANG_ENABLE_OBJC_ARC = YES;
				CLANG_WARN_BOOL_CONVERSION = YES;
				CLANG_WARN_CONSTANT_CONVERSION = YES;
				CLANG_WARN_DIRECT_OBJC_ISA_USAGE = YES_ERROR;
				CLANG_WARN_DOCUMENTATION_COMMENTS = YES;
				CLANG_WARN_EMPTY_BODY = YES;
				CLANG_WARN_ENUM_CONVERSION = YES;
				CLANG_WARN_INFINITE_RECURSION = YES;
				CLANG_WARN_INT_CONVERSION = YES;
				CLANG_WARN_OBJC_ROOT_CLASS = YES_ERROR;
				CLANG_WARN_SUSPICIOUS_MOVES = YES;
				CLANG_WARN_UNREACHABLE_CODE = YES;
				CLANG_WARN__DUPLICATE_METHOD_MATCH = YES;
				"CODE_SIGN_IDENTITY[sdk=iphoneos*]" = "iPhone Developer";
				COPY_PHASE_STRIP = NO;
				DEBUG_INFORMATION_FORMAT = "dwarf-with-dsym";
				ENABLE_NS_ASSERTIONS = NO;
				ENABLE_STRICT_OBJC_MSGSEND = YES;
				GCC_C_LANGUAGE_STANDARD = gnu99;
				GCC_NO_COMMON_BLOCKS = YES;
				GCC_WARN_64_TO_32_BIT_CONVERSION = YES;
				GCC_WARN_ABOUT_RETURN_TYPE = YES_ERROR;
				GCC_WARN_UNDECLARED_SELECTOR = YES;
				GCC_WARN_UNINITIALIZED_AUTOS = YES_AGGRESSIVE;
				GCC_WARN_UNUSED_FUNCTION = YES;
				GCC_WARN_UNUSED_VARIABLE = YES;
				IPHONEOS_DEPLOYMENT_TARGET = 10.1;
				MTL_ENABLE_DEBUG_INFO = NO;
				SDKROOT = iphoneos;
				SWIFT_OPTIMIZATION_LEVEL = "-Owholemodule";
				VALIDATE_PRODUCT = YES;
			};
			name = Release;
		};
		8C8F7E7D1DF332C8003CA3EF /* Debug */ = {
			isa = XCBuildConfiguration;
			buildSettings = {
				ASSETCATALOG_COMPILER_APPICON_NAME = AppIcon;
				INFOPLIST_FILE = pokedex3/Info.plist;
				LD_RUNPATH_SEARCH_PATHS = "$(inherited) @executable_path/Frameworks";
				PRODUCT_BUNDLE_IDENTIFIER = JWeyer.pokedex3;
				PRODUCT_NAME = "$(TARGET_NAME)";
				SWIFT_VERSION = 3.0;
			};
			name = Debug;
		};
		8C8F7E7E1DF332C8003CA3EF /* Release */ = {
			isa = XCBuildConfiguration;
			buildSettings = {
				ASSETCATALOG_COMPILER_APPICON_NAME = AppIcon;
				INFOPLIST_FILE = pokedex3/Info.plist;
				LD_RUNPATH_SEARCH_PATHS = "$(inherited) @executable_path/Frameworks";
				PRODUCT_BUNDLE_IDENTIFIER = JWeyer.pokedex3;
				PRODUCT_NAME = "$(TARGET_NAME)";
				SWIFT_VERSION = 3.0;
			};
			name = Release;
		};
/* End XCBuildConfiguration section */

/* Begin XCConfigurationList section */
		8C8F7E651DF332C8003CA3EF /* Build configuration list for PBXProject "pokedex3" */ = {
			isa = XCConfigurationList;
			buildConfigurations = (
				8C8F7E7A1DF332C8003CA3EF /* Debug */,
				8C8F7E7B1DF332C8003CA3EF /* Release */,
			);
			defaultConfigurationIsVisible = 0;
			defaultConfigurationName = Release;
		};
		8C8F7E7C1DF332C8003CA3EF /* Build configuration list for PBXNativeTarget "pokedex3" */ = {
			isa = XCConfigurationList;
			buildConfigurations = (
				8C8F7E7D1DF332C8003CA3EF /* Debug */,
				8C8F7E7E1DF332C8003CA3EF /* Release */,
			);
			defaultConfigurationIsVisible = 0;
			defaultConfigurationName = Release;
		};
/* End XCConfigurationList section */
	};
	rootObject = 8C8F7E621DF332C8003CA3EF /* Project object */;
}
